
Microsoft Visual Studio Solution File, Format Version 12.00
# Visual Studio 15
VisualStudioVersion = 15.0.28010.2036
MinimumVisualStudioVersion = 10.0.40219.1
Project("{8BC9CEB8-8B4A-11D0-8D11-00A0C91BC942}") = "Client", "Client\Client.vcxproj", "{974B25E6-3F7F-49D7-BC30-FDBFE275CDBF}"
EndProject
Project("{8BC9CEB8-8B4A-11D0-8D11-00A0C91BC942}") = "Editor", "Editor\Editor.vcxproj", "{1253F107-F560-4C5E-B7A1-473A0CFA794D}"
EndProject
Project("{2150E333-8FDC-42A3-9474-1A3956D46DE8}") = "Headers", "Headers", "{E7B0DF6B-9534-4330-8E31-74442A79F154}"
	ProjectSection(SolutionItems) = preProject
		Headers\Define.h = Headers\Define.h
		Headers\Enum.h = Headers\Enum.h
		Headers\Extern.h = Headers\Extern.h
		Headers\Function.h = Headers\Function.h
		Headers\Struct.h = Headers\Struct.h
	EndProjectSection
EndProject
Global
	GlobalSection(SolutionConfigurationPlatforms) = preSolution
		Debug|x64 = Debug|x64
		Debug|x86 = Debug|x86
		Release|x64 = Release|x64
		Release|x86 = Release|x86
	EndGlobalSection
	GlobalSection(ProjectConfigurationPlatforms) = postSolution
		{974B25E6-3F7F-49D7-BC30-FDBFE275CDBF}.Debug|x64.ActiveCfg = Debug|x64
		{974B25E6-3F7F-49D7-BC30-FDBFE275CDBF}.Debug|x64.Build.0 = Debug|x64
		{974B25E6-3F7F-49D7-BC30-FDBFE275CDBF}.Debug|x86.ActiveCfg = Debug|Win32
		{974B25E6-3F7F-49D7-BC30-FDBFE275CDBF}.Debug|x86.Build.0 = Debug|Win32
		{974B25E6-3F7F-49D7-BC30-FDBFE275CDBF}.Release|x64.ActiveCfg = Release|x64
		{974B25E6-3F7F-49D7-BC30-FDBFE275CDBF}.Release|x64.Build.0 = Release|x64
		{974B25E6-3F7F-49D7-BC30-FDBFE275CDBF}.Release|x86.ActiveCfg = Release|Win32
		{974B25E6-3F7F-49D7-BC30-FDBFE275CDBF}.Release|x86.Build.0 = Release|Win32
		{1253F107-F560-4C5E-B7A1-473A0CFA794D}.Debug|x64.ActiveCfg = Debug|x64
		{1253F107-F560-4C5E-B7A1-473A0CFA794D}.Debug|x64.Build.0 = Debug|x64
		{1253F107-F560-4C5E-B7A1-473A0CFA794D}.Debug|x86.ActiveCfg = Debug|Win32
		{1253F107-F560-4C5E-B7A1-473A0CFA794D}.Debug|x86.Build.0 = Debug|Win32
		{1253F107-F560-4C5E-B7A1-473A0CFA794D}.Release|x64.ActiveCfg = Release|x64
		{1253F107-F560-4C5E-B7A1-473A0CFA794D}.Release|x64.Build.0 = Release|x64
		{1253F107-F560-4C5E-B7A1-473A0CFA794D}.Release|x86.ActiveCfg = Release|Win32
		{1253F107-F560-4C5E-B7A1-473A0CFA794D}.Release|x86.Build.0 = Release|Win32
	EndGlobalSection
	GlobalSection(SolutionProperties) = preSolution
		HideSolutionNode = FALSE
	EndGlobalSection
	GlobalSection(ExtensibilityGlobals) = postSolution
		SolutionGuid = {7F93E7D2-71BB-4A39-9E42-21B41F1778FE}
	EndGlobalSection
EndGlobal
