<?xml version="1.0" encoding="utf-8"?>
<Project ToolsVersion="4.0" xmlns="http://schemas.microsoft.com/developer/msbuild/2003">
  <ItemGroup>
    <Filter Include="99.Default">
      <UniqueIdentifier>{608a60d3-ad15-4424-8833-9ffaa7fc2437}</UniqueIdentifier>
    </Filter>
    <Filter Include="00.MainApp">
      <UniqueIdentifier>{c9d90e59-9ba2-4949-8ed7-bee927e9473c}</UniqueIdentifier>
    </Filter>
    <Filter Include="01.Obj">
      <UniqueIdentifier>{d56ea007-cb5d-45ed-be16-9d8cd4c38198}</UniqueIdentifier>
    </Filter>
    <Filter Include="01.Obj\Player">
      <UniqueIdentifier>{61d68466-2303-475f-b1cb-3980938c4428}</UniqueIdentifier>
    </Filter>
    <Filter Include="01.Obj\Mouse">
      <UniqueIdentifier>{820bfbac-b5df-49ae-8d88-17e751773823}</UniqueIdentifier>
    </Filter>
    <Filter Include="Manager">
      <UniqueIdentifier>{dcec6cd1-c718-402c-9908-f03fb1e99271}</UniqueIdentifier>
    </Filter>
    <Filter Include="Manager\Collision">
      <UniqueIdentifier>{a4328585-94de-4a0c-b763-48539ba17526}</UniqueIdentifier>
    </Filter>
    <Filter Include="Manager\Key">
      <UniqueIdentifier>{4420e406-1e60-4c27-9832-e5ebd007bf2e}</UniqueIdentifier>
    </Filter>
    <Filter Include="03.Map">
      <UniqueIdentifier>{4ae7db54-2e14-499d-9fc5-c1a88af41ae6}</UniqueIdentifier>
    </Filter>
    <Filter Include="03.Map\Manager">
      <UniqueIdentifier>{065e6224-f1ee-4a42-b8df-373b1ac20375}</UniqueIdentifier>
    </Filter>
    <Filter Include="02.Bitmap">
      <UniqueIdentifier>{72dba63d-9118-4a83-a39f-f59bb2444015}</UniqueIdentifier>
    </Filter>
    <Filter Include="02.Bitmap\Manager">
      <UniqueIdentifier>{c7d3936f-e2d7-4105-a7f5-3fa27951f881}</UniqueIdentifier>
    </Filter>
    <Filter Include="Scroll_Manager">
      <UniqueIdentifier>{670bec14-36ce-4180-89ca-24f19a79f486}</UniqueIdentifier>
    </Filter>
    <Filter Include="03.Map\MapBlock">
      <UniqueIdentifier>{333f62d5-bc9d-4a7d-a545-093791d6e46d}</UniqueIdentifier>
    </Filter>
    <Filter Include="03.Scene">
      <UniqueIdentifier>{da44f399-d6cb-4092-bf03-761aec8ff454}</UniqueIdentifier>
    </Filter>
    <Filter Include="03.Scene\Manager">
      <UniqueIdentifier>{0121ac86-97dd-4fb4-9f38-7014a8b24e1b}</UniqueIdentifier>
    </Filter>
    <Filter Include="03.Scene\Stage">
      <UniqueIdentifier>{3b11b5ee-7b27-48c8-9356-b8d45d4df09d}</UniqueIdentifier>
    </Filter>
    <Filter Include="03.Map\Coin">
      <UniqueIdentifier>{f8ae24f6-fd4b-4771-bed2-17f079eca5b1}</UniqueIdentifier>
    </Filter>
    <Filter Include="03.Map\Jelly">
      <UniqueIdentifier>{46ac584e-c717-4158-9c7d-90d84e84bda9}</UniqueIdentifier>
    </Filter>
    <Filter Include="03.Map\Obstacle">
      <UniqueIdentifier>{07c6b13b-44d4-4d0a-94c7-672178aeb346}</UniqueIdentifier>
    </Filter>
    <Filter Include="03.Scene\98.DesignPattern">
      <UniqueIdentifier>{23ededb0-cb1a-48c9-8dfb-3cf85ed84ff0}</UniqueIdentifier>
    </Filter>
    <Filter Include="03.Scene\98.DesignPattern\Obj_Manager">
      <UniqueIdentifier>{b90fafa0-9d9b-431f-ba8d-fdc7ab9a8d7c}</UniqueIdentifier>
    </Filter>
  </ItemGroup>
  <ItemGroup>
    <ClInclude Include="Client.h">
      <Filter>99.Default</Filter>
    </ClInclude>
    <ClInclude Include="Resource.h">
      <Filter>99.Default</Filter>
    </ClInclude>
    <ClInclude Include="stdafx.h">
      <Filter>99.Default</Filter>
    </ClInclude>
    <ClInclude Include="targetver.h">
      <Filter>99.Default</Filter>
    </ClInclude>
    <ClInclude Include="MainApp.h">
      <Filter>00.MainApp</Filter>
    </ClInclude>
    <ClInclude Include="Obj.h">
      <Filter>01.Obj</Filter>
    </ClInclude>
    <ClInclude Include="Player.h">
      <Filter>01.Obj\Player</Filter>
    </ClInclude>
    <ClInclude Include="AbstractFactory.h">
      <Filter>03.Scene\98.DesignPattern</Filter>
    </ClInclude>
    <ClInclude Include="Mouse.h">
      <Filter>01.Obj\Mouse</Filter>
    </ClInclude>
    <ClInclude Include="Obj_Manager.h">
      <Filter>03.Scene\98.DesignPattern\Obj_Manager</Filter>
    </ClInclude>
    <ClInclude Include="Collision_Manager.h">
      <Filter>Manager\Collision</Filter>
    </ClInclude>
    <ClInclude Include="Key_Manager.h">
      <Filter>Manager\Key</Filter>
    </ClInclude>
    <ClInclude Include="Map_Manager.h">
      <Filter>03.Map\Manager</Filter>
    </ClInclude>
    <ClInclude Include="MyBitmap.h">
      <Filter>02.Bitmap</Filter>
    </ClInclude>
    <ClInclude Include="Bitmap_Manager.h">
      <Filter>02.Bitmap\Manager</Filter>
    </ClInclude>
    <ClInclude Include="Scroll_Manager.h">
      <Filter>Scroll_Manager</Filter>
    </ClInclude>
    <ClInclude Include="Maps.h">
      <Filter>03.Map</Filter>
    </ClInclude>
    <ClInclude Include="MapBlock.h">
      <Filter>03.Map\MapBlock</Filter>
    </ClInclude>
    <ClInclude Include="Scene.h">
      <Filter>03.Scene</Filter>
    </ClInclude>
    <ClInclude Include="Scene_Manager.h">
      <Filter>03.Scene\Manager</Filter>
    </ClInclude>
    <ClInclude Include="Stage.h">
      <Filter>03.Scene\Stage</Filter>
    </ClInclude>
    <ClInclude Include="..\Headers\Struct.h">
      <Filter>00.MainApp</Filter>
    </ClInclude>
    <ClInclude Include="BigCoin.h">
      <Filter>03.Map\Coin</Filter>
    </ClInclude>
    <ClInclude Include="GoldCoin.h">
      <Filter>03.Map\Coin</Filter>
    </ClInclude>
    <ClInclude Include="SilverCoin.h">
      <Filter>03.Map\Coin</Filter>
    </ClInclude>
    <ClInclude Include="BaseJelly.h">
      <Filter>03.Map\Jelly</Filter>
    </ClInclude>
    <ClInclude Include="PinkJelly.h">
      <Filter>03.Map\Jelly</Filter>
    </ClInclude>
    <ClInclude Include="YellowJelly.h">
      <Filter>03.Map\Jelly</Filter>
    </ClInclude>
    <ClInclude Include="Obstacle1.h">
      <Filter>03.Map\Obstacle</Filter>
    </ClInclude>
    <ClInclude Include="Obstacle2.h">
      <Filter>03.Map\Obstacle</Filter>
    </ClInclude>
    <ClInclude Include="Obstacle3.h">
      <Filter>03.Map\Obstacle</Filter>
    </ClInclude>
    <ClInclude Include="Obstacle4.h">
      <Filter>03.Map\Obstacle</Filter>
    </ClInclude>
  </ItemGroup>
  <ItemGroup>
    <ClCompile Include="Client.cpp">
      <Filter>99.Default</Filter>
    </ClCompile>
    <ClCompile Include="stdafx.cpp">
      <Filter>99.Default</Filter>
    </ClCompile>
    <ClCompile Include="MainApp.cpp">
      <Filter>00.MainApp</Filter>
    </ClCompile>
    <ClCompile Include="Obj.cpp">
      <Filter>01.Obj</Filter>
    </ClCompile>
    <ClCompile Include="Player.cpp">
      <Filter>01.Obj\Player</Filter>
    </ClCompile>
    <ClCompile Include="Mouse.cpp">
      <Filter>01.Obj\Mouse</Filter>
    </ClCompile>
    <ClCompile Include="Obj_Manager.cpp">
      <Filter>03.Scene\98.DesignPattern\Obj_Manager</Filter>
    </ClCompile>
    <ClCompile Include="Collision_Manager.cpp">
      <Filter>Manager\Collision</Filter>
    </ClCompile>
    <ClCompile Include="Key_Manager.cpp">
      <Filter>Manager\Key</Filter>
    </ClCompile>
    <ClCompile Include="Map_Manager.cpp">
      <Filter>03.Map\Manager</Filter>
    </ClCompile>
    <ClCompile Include="MyBitmap.cpp">
      <Filter>02.Bitmap</Filter>
    </ClCompile>
    <ClCompile Include="Bitmap_Manager.cpp">
      <Filter>02.Bitmap\Manager</Filter>
    </ClCompile>
    <ClCompile Include="Scroll_Manager.cpp">
      <Filter>Scroll_Manager</Filter>
    </ClCompile>
    <ClCompile Include="Maps.cpp">
      <Filter>03.Map</Filter>
    </ClCompile>
    <ClCompile Include="MapBlock.cpp">
      <Filter>03.Map\MapBlock</Filter>
    </ClCompile>
    <ClCompile Include="Scene.cpp">
      <Filter>03.Scene</Filter>
    </ClCompile>
    <ClCompile Include="Scene_Manager.cpp">
      <Filter>03.Scene\Manager</Filter>
    </ClCompile>
    <ClCompile Include="Stage.cpp">
      <Filter>03.Scene\Stage</Filter>
    </ClCompile>
    <ClCompile Include="BigCoin.cpp">
      <Filter>03.Map\Coin</Filter>
    </ClCompile>
    <ClCompile Include="GoldCoin.cpp">
      <Filter>03.Map\Coin</Filter>
    </ClCompile>
    <ClCompile Include="SilverCoin.cpp">
      <Filter>03.Map\Coin</Filter>
    </ClCompile>
    <ClCompile Include="BaseJelly.cpp">
      <Filter>03.Map\Jelly</Filter>
    </ClCompile>
    <ClCompile Include="PinkJelly.cpp">
      <Filter>03.Map\Jelly</Filter>
    </ClCompile>
    <ClCompile Include="YellowJelly.cpp">
      <Filter>03.Map\Jelly</Filter>
    </ClCompile>
    <ClCompile Include="Obstacle1.cpp">
      <Filter>03.Map\Obstacle</Filter>
    </ClCompile>
    <ClCompile Include="Obstacle2.cpp">
      <Filter>03.Map\Obstacle</Filter>
    </ClCompile>
    <ClCompile Include="Obstacle3.cpp">
      <Filter>03.Map\Obstacle</Filter>
    </ClCompile>
    <ClCompile Include="Obstacle4.cpp">
      <Filter>03.Map\Obstacle</Filter>
    </ClCompile>
  </ItemGroup>
  <ItemGroup>
    <Image Include="Client.ico">
      <Filter>99.Default</Filter>
    </Image>
    <Image Include="small.ico">
      <Filter>99.Default</Filter>
    </Image>
  </ItemGroup>
  <ItemGroup>
    <ResourceCompile Include="Client.rc">
      <Filter>99.Default</Filter>
    </ResourceCompile>
  </ItemGroup>
  <ItemGroup>
    <Text Include="ReadMe.txt">
      <Filter>99.Default</Filter>
    </Text>
  </ItemGroup>
</Project>