<?xml version="1.0" encoding="utf-8"?>
<Project ToolsVersion="4.0" xmlns="http://schemas.microsoft.com/developer/msbuild/2003">
  <ItemGroup>
    <Filter Include="99.Default">
      <UniqueIdentifier>{608a60d3-ad15-4424-8833-9ffaa7fc2437}</UniqueIdentifier>
    </Filter>
    <Filter Include="00.MainApp">
      <UniqueIdentifier>{c9d90e59-9ba2-4949-8ed7-bee927e9473c}</UniqueIdentifier>
    </Filter>
    <Filter Include="99.Headers">
      <UniqueIdentifier>{499bf16b-758e-41ef-a334-7a8c5370e261}</UniqueIdentifier>
    </Filter>
    <Filter Include="01.Obj">
      <UniqueIdentifier>{d56ea007-cb5d-45ed-be16-9d8cd4c38198}</UniqueIdentifier>
    </Filter>
    <Filter Include="01.Obj\Player">
      <UniqueIdentifier>{61d68466-2303-475f-b1cb-3980938c4428}</UniqueIdentifier>
    </Filter>
    <Filter Include="01.Obj\Bullet">
      <UniqueIdentifier>{c1319bba-721d-460e-9182-d89267bd050d}</UniqueIdentifier>
    </Filter>
    <Filter Include="98.DesignPattern">
      <UniqueIdentifier>{23ededb0-cb1a-48c9-8dfb-3cf85ed84ff0}</UniqueIdentifier>
    </Filter>
    <Filter Include="01.Obj\Mouse">
      <UniqueIdentifier>{820bfbac-b5df-49ae-8d88-17e751773823}</UniqueIdentifier>
    </Filter>
    <Filter Include="01.Obj\Monster">
      <UniqueIdentifier>{b2bb8b3a-0f99-4899-88db-3e9c61e4cf6e}</UniqueIdentifier>
    </Filter>
    <Filter Include="Manager">
      <UniqueIdentifier>{dcec6cd1-c718-402c-9908-f03fb1e99271}</UniqueIdentifier>
    </Filter>
    <Filter Include="01.Obj\Shield">
      <UniqueIdentifier>{2840f8c9-cf7e-4ab6-9b45-d5ea1afdff8b}</UniqueIdentifier>
    </Filter>
    <Filter Include="01.Obj\ScrewBullet">
      <UniqueIdentifier>{4583adbd-4d5c-4b9b-9c22-772414d5cbf4}</UniqueIdentifier>
    </Filter>
    <Filter Include="98.DesignPattern\Obj_Manager">
      <UniqueIdentifier>{b90fafa0-9d9b-431f-ba8d-fdc7ab9a8d7c}</UniqueIdentifier>
    </Filter>
    <Filter Include="01.Obj\GuideBullet">
      <UniqueIdentifier>{dc462ac3-1b7e-4a33-b9ba-1c6f25228d1a}</UniqueIdentifier>
    </Filter>
    <Filter Include="02.Line">
      <UniqueIdentifier>{a7d7ff70-eda5-4410-9ea7-fd5e0422f866}</UniqueIdentifier>
    </Filter>
    <Filter Include="02.Line\Manager">
      <UniqueIdentifier>{19c800c0-6f74-4d06-852b-ba3062d7ac01}</UniqueIdentifier>
    </Filter>
    <Filter Include="Manager\Collision">
      <UniqueIdentifier>{a4328585-94de-4a0c-b763-48539ba17526}</UniqueIdentifier>
    </Filter>
    <Filter Include="Manager\Key">
      <UniqueIdentifier>{4420e406-1e60-4c27-9832-e5ebd007bf2e}</UniqueIdentifier>
    </Filter>
  </ItemGroup>
  <ItemGroup>
    <ClInclude Include="Client.h">
      <Filter>99.Default</Filter>
    </ClInclude>
    <ClInclude Include="Resource.h">
      <Filter>99.Default</Filter>
    </ClInclude>
    <ClInclude Include="stdafx.h">
      <Filter>99.Default</Filter>
    </ClInclude>
    <ClInclude Include="targetver.h">
      <Filter>99.Default</Filter>
    </ClInclude>
    <ClInclude Include="MainApp.h">
      <Filter>00.MainApp</Filter>
    </ClInclude>
    <ClInclude Include="Obj.h">
      <Filter>01.Obj</Filter>
    </ClInclude>
    <ClInclude Include="Player.h">
      <Filter>01.Obj\Player</Filter>
    </ClInclude>
    <ClInclude Include="Enum.h">
      <Filter>99.Headers</Filter>
    </ClInclude>
    <ClInclude Include="Bullet.h">
      <Filter>01.Obj\Bullet</Filter>
    </ClInclude>
    <ClInclude Include="AbstractFactory.h">
      <Filter>98.DesignPattern</Filter>
    </ClInclude>
    <ClInclude Include="Mouse.h">
      <Filter>01.Obj\Mouse</Filter>
    </ClInclude>
    <ClInclude Include="Monster.h">
      <Filter>01.Obj\Monster</Filter>
    </ClInclude>
    <ClInclude Include="Shield.h">
      <Filter>01.Obj\Shield</Filter>
    </ClInclude>
    <ClInclude Include="ScrewBullet.h">
      <Filter>01.Obj\ScrewBullet</Filter>
    </ClInclude>
    <ClInclude Include="Obj_Manager.h">
      <Filter>98.DesignPattern\Obj_Manager</Filter>
    </ClInclude>
    <ClInclude Include="GuideBullet.h">
      <Filter>01.Obj\GuideBullet</Filter>
    </ClInclude>
    <ClInclude Include="Line.h">
      <Filter>02.Line</Filter>
    </ClInclude>
    <ClInclude Include="Line_Manager.h">
      <Filter>02.Line\Manager</Filter>
    </ClInclude>
    <ClInclude Include="Collision_Manager.h">
      <Filter>Manager\Collision</Filter>
    </ClInclude>
    <ClInclude Include="Key_Manager.h" />
  </ItemGroup>
  <ItemGroup>
    <ClCompile Include="Client.cpp">
      <Filter>99.Default</Filter>
    </ClCompile>
    <ClCompile Include="stdafx.cpp">
      <Filter>99.Default</Filter>
    </ClCompile>
    <ClCompile Include="MainApp.cpp">
      <Filter>00.MainApp</Filter>
    </ClCompile>
    <ClCompile Include="Obj.cpp">
      <Filter>01.Obj</Filter>
    </ClCompile>
    <ClCompile Include="Player.cpp">
      <Filter>01.Obj\Player</Filter>
    </ClCompile>
    <ClCompile Include="Bullet.cpp">
      <Filter>01.Obj\Bullet</Filter>
    </ClCompile>
    <ClCompile Include="Mouse.cpp">
      <Filter>01.Obj\Mouse</Filter>
    </ClCompile>
    <ClCompile Include="Monster.cpp">
      <Filter>01.Obj\Monster</Filter>
    </ClCompile>
    <ClCompile Include="Shield.cpp">
      <Filter>01.Obj\Shield</Filter>
    </ClCompile>
    <ClCompile Include="ScrewBullet.cpp">
      <Filter>01.Obj\ScrewBullet</Filter>
    </ClCompile>
    <ClCompile Include="Obj_Manager.cpp">
      <Filter>98.DesignPattern\Obj_Manager</Filter>
    </ClCompile>
    <ClCompile Include="GuideBullet.cpp">
      <Filter>01.Obj\GuideBullet</Filter>
    </ClCompile>
    <ClCompile Include="Line.cpp">
      <Filter>02.Line</Filter>
    </ClCompile>
    <ClCompile Include="Line_Manager.cpp">
      <Filter>02.Line\Manager</Filter>
    </ClCompile>
    <ClCompile Include="Collision_Manager.cpp">
      <Filter>Manager\Collision</Filter>
    </ClCompile>
    <ClCompile Include="Key_Manager.cpp" />
  </ItemGroup>
  <ItemGroup>
    <Image Include="Client.ico">
      <Filter>99.Default</Filter>
    </Image>
    <Image Include="small.ico">
      <Filter>99.Default</Filter>
    </Image>
  </ItemGroup>
  <ItemGroup>
    <ResourceCompile Include="Client.rc">
      <Filter>99.Default</Filter>
    </ResourceCompile>
  </ItemGroup>
  <ItemGroup>
    <Text Include="ReadMe.txt">
      <Filter>99.Default</Filter>
    </Text>
  </ItemGroup>
</Project>