<?xml version="1.0" encoding="utf-8"?>
<Project ToolsVersion="4.0" xmlns="http://schemas.microsoft.com/developer/msbuild/2003">
  <ItemGroup>
    <Filter Include="Default">
      <UniqueIdentifier>{a20981d1-b2ba-4b41-9363-f33a367b29dc}</UniqueIdentifier>
    </Filter>
    <Filter Include="Main">
      <UniqueIdentifier>{04695d59-464e-445c-a89e-b45c8d74a588}</UniqueIdentifier>
    </Filter>
    <Filter Include="KeyManager">
      <UniqueIdentifier>{8ab044a7-02b7-4fb3-8329-e236b2076805}</UniqueIdentifier>
    </Filter>
    <Filter Include="Map">
      <UniqueIdentifier>{fcf3cfbe-ca6f-4a1d-b509-a58084beb6b6}</UniqueIdentifier>
    </Filter>
    <Filter Include="Map\Manager">
      <UniqueIdentifier>{e48a336f-af70-4acf-8f2e-ec4eca833e69}</UniqueIdentifier>
    </Filter>
    <Filter Include="Scroll_Manager">
      <UniqueIdentifier>{c9aeadf7-7149-4191-8318-490f8b15d2ad}</UniqueIdentifier>
    </Filter>
    <Filter Include="02.Bitmap">
      <UniqueIdentifier>{4d5581f9-7ed6-40c2-8b52-61c8ab79c89d}</UniqueIdentifier>
    </Filter>
    <Filter Include="02.Bitmap\Manager">
      <UniqueIdentifier>{33357111-0cd9-464b-bca4-067c7fe321f3}</UniqueIdentifier>
    </Filter>
    <Filter Include="Map\MapBlock">
      <UniqueIdentifier>{bf99d25e-dfbd-4a0a-b1a1-4399fcf414b6}</UniqueIdentifier>
    </Filter>
  </ItemGroup>
  <ItemGroup>
    <ClInclude Include="Editor.h">
      <Filter>Default</Filter>
    </ClInclude>
    <ClInclude Include="Resource.h">
      <Filter>Default</Filter>
    </ClInclude>
    <ClInclude Include="stdafx.h">
      <Filter>Default</Filter>
    </ClInclude>
    <ClInclude Include="targetver.h">
      <Filter>Default</Filter>
    </ClInclude>
    <ClInclude Include="Main.h">
      <Filter>Main</Filter>
    </ClInclude>
    <ClInclude Include="Key_Manager.h">
      <Filter>KeyManager</Filter>
    </ClInclude>
    <ClInclude Include="Map_Manager.h">
      <Filter>Map\Manager</Filter>
    </ClInclude>
    <ClInclude Include="Scroll_Manager.h">
      <Filter>Scroll_Manager</Filter>
    </ClInclude>
    <ClInclude Include="MyBitmap.h">
      <Filter>02.Bitmap</Filter>
    </ClInclude>
    <ClInclude Include="Bitmap_Manager.h">
      <Filter>02.Bitmap\Manager</Filter>
    </ClInclude>
    <ClInclude Include="MapBlock.h">
      <Filter>Map\MapBlock</Filter>
    </ClInclude>
    <ClInclude Include="Maps.h">
      <Filter>Map</Filter>
    </ClInclude>
  </ItemGroup>
  <ItemGroup>
    <ClCompile Include="Editor.cpp">
      <Filter>Default</Filter>
    </ClCompile>
    <ClCompile Include="stdafx.cpp">
      <Filter>Default</Filter>
    </ClCompile>
    <ClCompile Include="Main.cpp">
      <Filter>Main</Filter>
    </ClCompile>
    <ClCompile Include="Key_Manager.cpp">
      <Filter>KeyManager</Filter>
    </ClCompile>
    <ClCompile Include="Map_Manager.cpp">
      <Filter>Map\Manager</Filter>
    </ClCompile>
    <ClCompile Include="Scroll_Manager.cpp">
      <Filter>Scroll_Manager</Filter>
    </ClCompile>
    <ClCompile Include="MyBitmap.cpp">
      <Filter>02.Bitmap</Filter>
    </ClCompile>
    <ClCompile Include="Bitmap_Manager.cpp">
      <Filter>02.Bitmap\Manager</Filter>
    </ClCompile>
    <ClCompile Include="MapBlock.cpp">
      <Filter>Map\MapBlock</Filter>
    </ClCompile>
    <ClCompile Include="Maps.cpp">
      <Filter>Map</Filter>
    </ClCompile>
  </ItemGroup>
  <ItemGroup>
    <Image Include="Editor.ico">
      <Filter>Default</Filter>
    </Image>
    <Image Include="small.ico">
      <Filter>Default</Filter>
    </Image>
  </ItemGroup>
  <ItemGroup>
    <ResourceCompile Include="Editor.rc">
      <Filter>Default</Filter>
    </ResourceCompile>
  </ItemGroup>
  <ItemGroup>
    <Text Include="ReadMe.txt">
      <Filter>Default</Filter>
    </Text>
  </ItemGroup>
</Project>