<?xml version="1.0" encoding="utf-8"?>
<Project ToolsVersion="4.0" xmlns="http://schemas.microsoft.com/developer/msbuild/2003">
  <ItemGroup>
    <Filter Include="Default">
      <UniqueIdentifier>{a20981d1-b2ba-4b41-9363-f33a367b29dc}</UniqueIdentifier>
    </Filter>
    <Filter Include="Main">
      <UniqueIdentifier>{04695d59-464e-445c-a89e-b45c8d74a588}</UniqueIdentifier>
    </Filter>
    <Filter Include="KeyManager">
      <UniqueIdentifier>{8ab044a7-02b7-4fb3-8329-e236b2076805}</UniqueIdentifier>
    </Filter>
    <Filter Include="Map">
      <UniqueIdentifier>{fcf3cfbe-ca6f-4a1d-b509-a58084beb6b6}</UniqueIdentifier>
    </Filter>
    <Filter Include="Map\Manager">
      <UniqueIdentifier>{e48a336f-af70-4acf-8f2e-ec4eca833e69}</UniqueIdentifier>
    </Filter>
    <Filter Include="Scroll_Manager">
      <UniqueIdentifier>{c9aeadf7-7149-4191-8318-490f8b15d2ad}</UniqueIdentifier>
    </Filter>
    <Filter Include="02.Bitmap">
      <UniqueIdentifier>{4d5581f9-7ed6-40c2-8b52-61c8ab79c89d}</UniqueIdentifier>
    </Filter>
    <Filter Include="02.Bitmap\Manager">
      <UniqueIdentifier>{33357111-0cd9-464b-bca4-067c7fe321f3}</UniqueIdentifier>
    </Filter>
    <Filter Include="Map\MapBlock">
      <UniqueIdentifier>{bf99d25e-dfbd-4a0a-b1a1-4399fcf414b6}</UniqueIdentifier>
    </Filter>
    <Filter Include="Map\Obstacle">
      <UniqueIdentifier>{c49938a8-5684-4453-87af-ec6a80710d95}</UniqueIdentifier>
    </Filter>
    <Filter Include="Map\Coin">
      <UniqueIdentifier>{58f490d0-ba19-45d6-ac33-2d8a8bc411dd}</UniqueIdentifier>
    </Filter>
    <Filter Include="Map\Jelly">
      <UniqueIdentifier>{93ed5377-5ad6-405a-bdb1-1ed41603d46c}</UniqueIdentifier>
    </Filter>
    <Filter Include="Map\Item">
      <UniqueIdentifier>{288d85f9-395c-407e-9954-9d7a43a59baf}</UniqueIdentifier>
    </Filter>
  </ItemGroup>
  <ItemGroup>
    <ClInclude Include="Editor.h">
      <Filter>Default</Filter>
    </ClInclude>
    <ClInclude Include="Resource.h">
      <Filter>Default</Filter>
    </ClInclude>
    <ClInclude Include="stdafx.h">
      <Filter>Default</Filter>
    </ClInclude>
    <ClInclude Include="targetver.h">
      <Filter>Default</Filter>
    </ClInclude>
    <ClInclude Include="Main.h">
      <Filter>Main</Filter>
    </ClInclude>
    <ClInclude Include="Key_Manager.h">
      <Filter>KeyManager</Filter>
    </ClInclude>
    <ClInclude Include="Map_Manager.h">
      <Filter>Map\Manager</Filter>
    </ClInclude>
    <ClInclude Include="Scroll_Manager.h">
      <Filter>Scroll_Manager</Filter>
    </ClInclude>
    <ClInclude Include="MyBitmap.h">
      <Filter>02.Bitmap</Filter>
    </ClInclude>
    <ClInclude Include="Bitmap_Manager.h">
      <Filter>02.Bitmap\Manager</Filter>
    </ClInclude>
    <ClInclude Include="MapBlock.h">
      <Filter>Map\MapBlock</Filter>
    </ClInclude>
    <ClInclude Include="Maps.h">
      <Filter>Map</Filter>
    </ClInclude>
    <ClInclude Include="BigCoin.h">
      <Filter>Map\Coin</Filter>
    </ClInclude>
    <ClInclude Include="GoldCoin.h">
      <Filter>Map\Coin</Filter>
    </ClInclude>
    <ClInclude Include="SilverCoin.h">
      <Filter>Map\Coin</Filter>
    </ClInclude>
    <ClInclude Include="BaseJelly.h">
      <Filter>Map\Jelly</Filter>
    </ClInclude>
    <ClInclude Include="PinkJelly.h">
      <Filter>Map\Jelly</Filter>
    </ClInclude>
    <ClInclude Include="YellowJelly.h">
      <Filter>Map\Jelly</Filter>
    </ClInclude>
    <ClInclude Include="Obstacle1.h">
      <Filter>Map\Obstacle</Filter>
    </ClInclude>
    <ClInclude Include="Obstacle2.h">
      <Filter>Map\Obstacle</Filter>
    </ClInclude>
    <ClInclude Include="Obstacle3.h">
      <Filter>Map\Obstacle</Filter>
    </ClInclude>
    <ClInclude Include="Obstacle4.h">
      <Filter>Map\Obstacle</Filter>
    </ClInclude>
    <ClInclude Include="BigHp.h">
      <Filter>Map\Item</Filter>
    </ClInclude>
    <ClInclude Include="Booster.h">
      <Filter>Map\Item</Filter>
    </ClInclude>
    <ClInclude Include="Giant.h">
      <Filter>Map\Item</Filter>
    </ClInclude>
    <ClInclude Include="Magnet.h">
      <Filter>Map\Item</Filter>
    </ClInclude>
    <ClInclude Include="SmallHp.h">
      <Filter>Map\Item</Filter>
    </ClInclude>
    <ClInclude Include="BigJelly.h">
      <Filter>Map\Jelly</Filter>
    </ClInclude>
    <ClInclude Include="MiddleJelly.h">
      <Filter>Map\Jelly</Filter>
    </ClInclude>
  </ItemGroup>
  <ItemGroup>
    <ClCompile Include="Editor.cpp">
      <Filter>Default</Filter>
    </ClCompile>
    <ClCompile Include="stdafx.cpp">
      <Filter>Default</Filter>
    </ClCompile>
    <ClCompile Include="Main.cpp">
      <Filter>Main</Filter>
    </ClCompile>
    <ClCompile Include="Key_Manager.cpp">
      <Filter>KeyManager</Filter>
    </ClCompile>
    <ClCompile Include="Map_Manager.cpp">
      <Filter>Map\Manager</Filter>
    </ClCompile>
    <ClCompile Include="Scroll_Manager.cpp">
      <Filter>Scroll_Manager</Filter>
    </ClCompile>
    <ClCompile Include="MyBitmap.cpp">
      <Filter>02.Bitmap</Filter>
    </ClCompile>
    <ClCompile Include="Bitmap_Manager.cpp">
      <Filter>02.Bitmap\Manager</Filter>
    </ClCompile>
    <ClCompile Include="MapBlock.cpp">
      <Filter>Map\MapBlock</Filter>
    </ClCompile>
    <ClCompile Include="BigCoin.cpp">
      <Filter>Map\Coin</Filter>
    </ClCompile>
    <ClCompile Include="GoldCoin.cpp">
      <Filter>Map\Coin</Filter>
    </ClCompile>
    <ClCompile Include="SilverCoin.cpp">
      <Filter>Map\Coin</Filter>
    </ClCompile>
    <ClCompile Include="BaseJelly.cpp">
      <Filter>Map\Jelly</Filter>
    </ClCompile>
    <ClCompile Include="PinkJelly.cpp">
      <Filter>Map\Jelly</Filter>
    </ClCompile>
    <ClCompile Include="YellowJelly.cpp">
      <Filter>Map\Jelly</Filter>
    </ClCompile>
    <ClCompile Include="Maps.cpp">
      <Filter>Map</Filter>
    </ClCompile>
    <ClCompile Include="Obstacle1.cpp">
      <Filter>Map\Obstacle</Filter>
    </ClCompile>
    <ClCompile Include="Obstacle2.cpp">
      <Filter>Map\Obstacle</Filter>
    </ClCompile>
    <ClCompile Include="Obstacle3.cpp">
      <Filter>Map\Obstacle</Filter>
    </ClCompile>
    <ClCompile Include="Obstacle4.cpp">
      <Filter>Map\Obstacle</Filter>
    </ClCompile>
    <ClCompile Include="BigHp.cpp">
      <Filter>Map\Item</Filter>
    </ClCompile>
    <ClCompile Include="Booster.cpp">
      <Filter>Map\Item</Filter>
    </ClCompile>
    <ClCompile Include="Giant.cpp">
      <Filter>Map\Item</Filter>
    </ClCompile>
    <ClCompile Include="Magnet.cpp">
      <Filter>Map\Item</Filter>
    </ClCompile>
    <ClCompile Include="SmallHp.cpp">
      <Filter>Map\Item</Filter>
    </ClCompile>
    <ClCompile Include="BigJelly.cpp">
      <Filter>Map\Jelly</Filter>
    </ClCompile>
    <ClCompile Include="MiddleJelly.cpp">
      <Filter>Map\Jelly</Filter>
    </ClCompile>
  </ItemGroup>
  <ItemGroup>
    <Image Include="Editor.ico">
      <Filter>Default</Filter>
    </Image>
    <Image Include="small.ico">
      <Filter>Default</Filter>
    </Image>
  </ItemGroup>
  <ItemGroup>
    <ResourceCompile Include="Editor.rc">
      <Filter>Default</Filter>
    </ResourceCompile>
  </ItemGroup>
  <ItemGroup>
    <Text Include="ReadMe.txt">
      <Filter>Default</Filter>
    </Text>
  </ItemGroup>
</Project>